
Microsoft Visual Studio Solution File, Format Version 12.00
# Visual Studio Version 16
VisualStudioVersion = 16.0.810.4
MinimumVisualStudioVersion = 10.0.40219.1
Project("{FAE04EC0-301F-11D3-BF4B-00C04F79EFBC}") = "CompareTwoDates", "CompareTwoDates\CompareTwoDates.csproj", "{89156C63-83BA-4B7E-9F5C-3C25B9FE4F73}"
EndProject
Global
	GlobalSection(SolutionConfigurationPlatforms) = preSolution
		Debug|Any CPU = Debug|Any CPU
		Release|Any CPU = Release|Any CPU
	EndGlobalSection
	GlobalSection(ProjectConfigurationPlatforms) = postSolution
		{89156C63-83BA-4B7E-9F5C-3C25B9FE4F73}.Debug|Any CPU.ActiveCfg = Debug|Any CPU
		{89156C63-83BA-4B7E-9F5C-3C25B9FE4F73}.Debug|Any CPU.Build.0 = Debug|Any CPU
		{89156C63-83BA-4B7E-9F5C-3C25B9FE4F73}.Release|Any CPU.ActiveCfg = Release|Any CPU
		{89156C63-83BA-4B7E-9F5C-3C25B9FE4F73}.Release|Any CPU.Build.0 = Release|Any CPU
	EndGlobalSection
	GlobalSection(SolutionProperties) = preSolution
		HideSolutionNode = FALSE
	EndGlobalSection
	GlobalSection(ExtensibilityGlobals) = postSolution
		SolutionGuid = {B4520384-C426-4A95-B9D0-B9FC408E69A8}
	EndGlobalSection
EndGlobal
